<?xml version="1.0" encoding="UTF-8" standalone="yes" ?>
<CodeBlocks_project_file>
	<FileVersion major="1" minor="6" />
	<Project>
		<Option title="ReactOS Game" />
		<Option pch_mode="2" />
		<Option compiler="mingw-w64_gnu_gcc_compiler" />
		<Build>
			<Target title="Debug">
				<Option output="bin/Debug/ReactOS Game" prefix_auto="1" extension_auto="1" />
				<Option object_output="obj/Debug/" />
				<Option type="1" />
				<Option compiler="mingw-w64_gnu_gcc_compiler" />
				<Compiler>
					<Add option="-g" />
				</Compiler>
			</Target>
			<Target title="Release">
				<Option output="bin/Release/ReactOS Game" prefix_auto="1" extension_auto="1" />
				<Option object_output="obj/Release/" />
				<Option type="1" />
				<Option compiler="mingw-w64_gnu_gcc_compiler" />
				<Compiler>
					<Add option="-O2" />
				</Compiler>
				<Linker>
					<Add option="-s" />
				</Linker>
			</Target>
		</Build>
		<Compiler>
			<Add option="-Wall" />
			<Add option="-fexceptions" />
		</Compiler>
		<Unit filename="Chunk.hpp" />
		<Unit filename="Color.hpp" />
		<Unit filename="Display.cpp" />
		<Unit filename="Display.hpp" />
		<Unit filename="Entity.hpp" />
		<Unit filename="Game.cpp" />
		<Unit filename="Game.hpp" />
		<Unit filename="GameState.cpp" />
		<Unit filename="GameState.hpp" />
		<Unit filename="IntroState.cpp" />
		<Unit filename="IntroState.hpp" />
		<Unit filename="Rect.hpp" />
		<Unit filename="State.hpp" />
		<Unit filename="Texture.cpp" />
		<Unit filename="Texture.hpp" />
		<Unit filename="Tile.hpp" />
		<Unit filename="Transparency.hpp" />
		<Unit filename="World.cpp" />
		<Unit filename="World.hpp" />
		<Unit filename="main.cpp" />
		<Extensions>
			<code_completion />
			<envvars />
			<debugger />
			<lib_finder disable_auto="1" />
		</Extensions>
	</Project>
</CodeBlocks_project_file>
